speakeasyVersion: 1.594.0
sources:
    kintsugi-overlay:
        sourceNamespace: kintsugi-overlay
        sourceRevisionDigest: sha256:16cdebe27a641c2c4cdfa4cade87248a46946f6b09608d9475505b8176b3ac8c
        sourceBlobDigest: sha256:8718f5ad5e2a9bb3aa309c8eeb8284615d302e4e91dc38fd928144baef3040a2
        tags:
            - latest
            - speakeasy-sdk-regen-1753992255
            - 1.0.0
targets:
    java:
        source: kintsugi-overlay
        sourceNamespace: kintsugi-overlay
        sourceRevisionDigest: sha256:16cdebe27a641c2c4cdfa4cade87248a46946f6b09608d9475505b8176b3ac8c
        sourceBlobDigest: sha256:8718f5ad5e2a9bb3aa309c8eeb8284615d302e4e91dc38fd928144baef3040a2
        codeSamplesNamespace: kintsugi-overlay-java-code-samples
        codeSamplesRevisionDigest: sha256:e328e0e5c194fce73bffe694011714459206ad8981ba3223b54506599f2a438b
workflow:
    workflowVersion: 1.0.0
    speakeasyVersion: latest
    sources:
        kintsugi-overlay:
            inputs:
                - location: https://api-doc.trykintsugi.com/openapi.json
            overlays:
                - location: ./overlay.yaml
                - location: .speakeasy/speakeasy-modifications-overlay.yaml
            output: output.yaml
            registry:
                location: registry.speakeasyapi.dev/kintsugi-ai/tax-platform/kintsugi-overlay
    targets:
        java:
            target: java
            source: kintsugi-overlay
            publish:
                java:
                    ossrhUsername: $ossrh_username
                    ossrhPassword: $ossrh_password
                    gpgSecretKey: $java_gpg_secret_key
                    gpgPassPhrase: $java_gpg_passphrase
            codeSamples:
                registry:
                    location: registry.speakeasyapi.dev/kintsugi-ai/tax-platform/kintsugi-overlay-java-code-samples
                labelOverride:
                    fixedValue: Java (SDK)
                blocking: false
