speakeasyVersion: 1.796.4
sources:
    kintsugi-overlay:
        sourceNamespace: kintsugi-overlay
        sourceRevisionDigest: sha256:a396794c749c66baa1ee6481672da6adf3aae053c577694a7db9d35354977831
        sourceBlobDigest: sha256:ada046a8fb5c7368273defec1d52cabc4f870c49a090d0db11de2267573686fe
        tags:
            - latest
            - 1.0.0
targets:
    java:
        source: kintsugi-overlay
        sourceNamespace: kintsugi-overlay
        sourceRevisionDigest: sha256:a396794c749c66baa1ee6481672da6adf3aae053c577694a7db9d35354977831
        sourceBlobDigest: sha256:ada046a8fb5c7368273defec1d52cabc4f870c49a090d0db11de2267573686fe
        codeSamplesNamespace: kintsugi-overlay-java-code-samples
        codeSamplesRevisionDigest: sha256:a86df10b516ff8cfde38ce7bc6cc559374f3b34b73c3c03cdc7b45a5cc96caff
workflow:
    workflowVersion: 1.0.0
    speakeasyVersion: latest
    sources:
        kintsugi-overlay:
            inputs:
                - location: https://api-doc.trykintsugi.com/openapi.json
            overlays:
                - location: .speakeasy/speakeasy-modifications-overlay-1.yaml
            output: output.yaml
            registry:
                location: registry.speakeasyapi.dev/kintsugi-ai/tax-platform/kintsugi-overlay
    targets:
        java:
            target: java
            source: kintsugi-overlay
            publish:
                java:
                    ossrhUsername: $ossrh_username
                    ossrhPassword: $ossrh_password
                    gpgSecretKey: $java_gpg_secret_key
                    gpgPassPhrase: $java_gpg_passphrase
            codeSamples:
                registry:
                    location: registry.speakeasyapi.dev/kintsugi-ai/tax-platform/kintsugi-overlay-java-code-samples
                labelOverride:
                    fixedValue: Java (SDK)
                blocking: false
