speakeasyVersion: 1.590.0
sources:
    kintsugi-overlay:
        sourceNamespace: kintsugi-overlay
        sourceRevisionDigest: sha256:39b0f4b049b4fb4fdd9e8fcb8423a01b703de276590e9beb0fb8a5d5c89a3aa5
        sourceBlobDigest: sha256:a401eef4a4e8850ade36b20c96a4b3dacd0a55ef7999e61becbbd46316f80c8b
        tags:
            - latest
            - speakeasy-sdk-regen-1753574668
            - 1.0.0
targets:
    java:
        source: kintsugi-overlay
        sourceNamespace: kintsugi-overlay
        sourceRevisionDigest: sha256:39b0f4b049b4fb4fdd9e8fcb8423a01b703de276590e9beb0fb8a5d5c89a3aa5
        sourceBlobDigest: sha256:a401eef4a4e8850ade36b20c96a4b3dacd0a55ef7999e61becbbd46316f80c8b
        codeSamplesNamespace: kintsugi-overlay-java-code-samples
        codeSamplesRevisionDigest: sha256:f889823b87c473ff8db8cbc29ee9894f87f066cd8340452e36a4d1e81e574ac8
workflow:
    workflowVersion: 1.0.0
    speakeasyVersion: latest
    sources:
        kintsugi-overlay:
            inputs:
                - location: https://api.trykintsugi.com/openapi.json
            overlays:
                - location: ./overlay.yaml
                - location: .speakeasy/speakeasy-modifications-overlay.yaml
            output: output.yaml
            registry:
                location: registry.speakeasyapi.dev/kintsugi-ai/tax-platform/kintsugi-overlay
    targets:
        java:
            target: java
            source: kintsugi-overlay
            publish:
                java:
                    ossrhUsername: $ossrh_username
                    ossrhPassword: $ossrh_password
                    gpgSecretKey: $java_gpg_secret_key
                    gpgPassPhrase: $java_gpg_passphrase
            codeSamples:
                registry:
                    location: registry.speakeasyapi.dev/kintsugi-ai/tax-platform/kintsugi-overlay-java-code-samples
                labelOverride:
                    fixedValue: Java (SDK)
                blocking: false
